<?xml version="1.0" encoding="utf-8"?>
<Project ToolsVersion="4.0" xmlns="http://schemas.microsoft.com/developer/msbuild/2003">
  <ItemGroup>
    <Filter Include="Archivos de origen">
      <UniqueIdentifier>{4FC737F1-C7A5-4376-A066-2A32D752A2FF}</UniqueIdentifier>
      <Extensions>cpp;c;cc;cxx;c++;cppm;ixx;def;odl;idl;hpj;bat;asm;asmx</Extensions>
    </Filter>
    <Filter Include="Archivos de encabezado">
      <UniqueIdentifier>{93995380-89BD-4b04-88EB-625FBE52EBFB}</UniqueIdentifier>
      <Extensions>h;hh;hpp;hxx;h++;hm;inl;inc;ipp;xsd</Extensions>
    </Filter>
    <Filter Include="Archivos de recursos">
      <UniqueIdentifier>{67DA6AB6-F800-4c08-8B7A-83BB121AAD01}</UniqueIdentifier>
      <Extensions>rc;ico;cur;bmp;dlg;rc2;rct;bin;rgs;gif;jpg;jpeg;jpe;resx;tiff;tif;png;wav;mfcribbon-ms</Extensions>
    </Filter>
    <Filter Include="Archivos de origen\objects">
      <UniqueIdentifier>{486714ff-21fb-4a17-a712-cccee53a3fcb}</UniqueIdentifier>
    </Filter>
    <Filter Include="Archivos de origen\scenes">
      <UniqueIdentifier>{5aba2452-a90e-42a4-998c-486116983ac0}</UniqueIdentifier>
    </Filter>
  </ItemGroup>
  <ItemGroup>
    <ClCompile Include="main.cpp">
      <Filter>Archivos de origen</Filter>
    </ClCompile>
    <ClCompile Include="src\objects\player.cpp">
      <Filter>Archivos de origen\objects</Filter>
    </ClCompile>
    <ClCompile Include="src\scenes\gameplayScenes.cpp">
      <Filter>Archivos de origen\scenes</Filter>
    </ClCompile>
    <ClCompile Include="src\objects\plataforms.cpp">
      <Filter>Archivos de origen\objects</Filter>
    </ClCompile>
    <ClCompile Include="src\gameLoop\game.cpp">
      <Filter>Archivos de origen</Filter>
    </ClCompile>
    <ClCompile Include="src\scenes\menuScenes.cpp">
      <Filter>Archivos de origen\scenes</Filter>
    </ClCompile>
    <ClCompile Include="src\objects\button.cpp">
      <Filter>Archivos de origen\objects</Filter>
    </ClCompile>
    <ClCompile Include="src\scenes\pauseScene.cpp">
      <Filter>Archivos de origen\scenes</Filter>
    </ClCompile>
    <ClCompile Include="src\scenes\gameOverScene.cpp">
      <Filter>Archivos de origen\scenes</Filter>
    </ClCompile>
    <ClCompile Include="src\scenes\gameplayPaused.cpp">
      <Filter>Archivos de origen\scenes</Filter>
    </ClCompile>
  </ItemGroup>
  <ItemGroup>
    <ClInclude Include="src\objects\player.h">
      <Filter>Archivos de origen\objects</Filter>
    </ClInclude>
    <ClInclude Include="src\scenes\gameplayScenes.h">
      <Filter>Archivos de origen\scenes</Filter>
    </ClInclude>
    <ClInclude Include="src\objects\plataforms.h">
      <Filter>Archivos de origen\objects</Filter>
    </ClInclude>
    <ClInclude Include="src\gameLoop\game.h">
      <Filter>Archivos de origen</Filter>
    </ClInclude>
    <ClInclude Include="src\scenes\menuScenes.h">
      <Filter>Archivos de origen\scenes</Filter>
    </ClInclude>
    <ClInclude Include="src\objects\button.h">
      <Filter>Archivos de origen\objects</Filter>
    </ClInclude>
    <ClInclude Include="src\scenes\pauseScene.h">
      <Filter>Archivos de origen\scenes</Filter>
    </ClInclude>
    <ClInclude Include="src\scenes\gameOverScene.h">
      <Filter>Archivos de origen\scenes</Filter>
    </ClInclude>
    <ClInclude Include="src\objects\utils.h">
      <Filter>Archivos de encabezado</Filter>
    </ClInclude>
    <ClInclude Include="src\scenes\gameplayPaused.h">
      <Filter>Archivos de origen\scenes</Filter>
    </ClInclude>
  </ItemGroup>
</Project>